// !$*UTF8*$!
{
	archiveVersion = 1;
	classes = {
	};
	objectVersion = 56;
	objects = {

/* Begin PBXBuildFile section */
		D870A3132C8054FF008A03D9 /* SideMenuRowView.swift in Sources */ = {isa = PBXBuildFile; fileRef = D870A3122C8054FF008A03D9 /* SideMenuRowView.swift */; };
		D870A3152C805584008A03D9 /* SideMenuOptionModel.swift in Sources */ = {isa = PBXBuildFile; fileRef = D870A3142C805584008A03D9 /* SideMenuOptionModel.swift */; };
		D870A3172C805B30008A03D9 /* ScheduleView.swift in Sources */ = {isa = PBXBuildFile; fileRef = D870A3162C805B30008A03D9 /* ScheduleView.swift */; };
		D875130F2C784A1300BA7E36 /* App_01App.swift in Sources */ = {isa = PBXBuildFile; fileRef = D875130E2C784A1300BA7E36 /* App_01App.swift */; };
		D87513112C784A1300BA7E36 /* ContentView.swift in Sources */ = {isa = PBXBuildFile; fileRef = D87513102C784A1300BA7E36 /* ContentView.swift */; };
		D87513132C784A1400BA7E36 /* Assets.xcassets in Resources */ = {isa = PBXBuildFile; fileRef = D87513122C784A1400BA7E36 /* Assets.xcassets */; };
		D87513162C784A1400BA7E36 /* Preview Assets.xcassets in Resources */ = {isa = PBXBuildFile; fileRef = D87513152C784A1400BA7E36 /* Preview Assets.xcassets */; };
		D875131F2C784B6200BA7E36 /* EditStudentView.swift in Sources */ = {isa = PBXBuildFile; fileRef = D875131E2C784B6200BA7E36 /* EditStudentView.swift */; };
		D87513212C784B8700BA7E36 /* CourseScheduleView.swift in Sources */ = {isa = PBXBuildFile; fileRef = D87513202C784B8700BA7E36 /* CourseScheduleView.swift */; };
		D87513232C784B9B00BA7E36 /* CourseDetailView.swift in Sources */ = {isa = PBXBuildFile; fileRef = D87513222C784B9B00BA7E36 /* CourseDetailView.swift */; };
		D87513252C784BBA00BA7E36 /* Days.swift in Sources */ = {isa = PBXBuildFile; fileRef = D87513242C784BBA00BA7E36 /* Days.swift */; };
		D87513272C784BCD00BA7E36 /* Course.swift in Sources */ = {isa = PBXBuildFile; fileRef = D87513262C784BCD00BA7E36 /* Course.swift */; };
		D87513292C784BD400BA7E36 /* Courses.swift in Sources */ = {isa = PBXBuildFile; fileRef = D87513282C784BD400BA7E36 /* Courses.swift */; };
		D875132B2C784BDB00BA7E36 /* Student.swift in Sources */ = {isa = PBXBuildFile; fileRef = D875132A2C784BDB00BA7E36 /* Student.swift */; };
		D8EF40FA2C78EBB70016B6DB /* NavigationMenu.swift in Sources */ = {isa = PBXBuildFile; fileRef = D8EF40F92C78EBB70016B6DB /* NavigationMenu.swift */; };
		D8EF40FC2C79194B0016B6DB /* SideMenuHeaderView.swift in Sources */ = {isa = PBXBuildFile; fileRef = D8EF40FB2C79194B0016B6DB /* SideMenuHeaderView.swift */; };
/* End PBXBuildFile section */

/* Begin PBXFileReference section */
		D870A3122C8054FF008A03D9 /* SideMenuRowView.swift */ = {isa = PBXFileReference; lastKnownFileType = sourcecode.swift; path = SideMenuRowView.swift; sourceTree = "<group>"; };
		D870A3142C805584008A03D9 /* SideMenuOptionModel.swift */ = {isa = PBXFileReference; lastKnownFileType = sourcecode.swift; path = SideMenuOptionModel.swift; sourceTree = "<group>"; };
		D870A3162C805B30008A03D9 /* ScheduleView.swift */ = {isa = PBXFileReference; lastKnownFileType = sourcecode.swift; path = ScheduleView.swift; sourceTree = "<group>"; };
		D875130B2C784A1300BA7E36 /* App-01.app */ = {isa = PBXFileReference; explicitFileType = wrapper.application; includeInIndex = 0; path = "App-01.app"; sourceTree = BUILT_PRODUCTS_DIR; };
		D875130E2C784A1300BA7E36 /* App_01App.swift */ = {isa = PBXFileReference; lastKnownFileType = sourcecode.swift; path = App_01App.swift; sourceTree = "<group>"; };
		D87513102C784A1300BA7E36 /* ContentView.swift */ = {isa = PBXFileReference; lastKnownFileType = sourcecode.swift; path = ContentView.swift; sourceTree = "<group>"; };
		D87513122C784A1400BA7E36 /* Assets.xcassets */ = {isa = PBXFileReference; lastKnownFileType = folder.assetcatalog; path = Assets.xcassets; sourceTree = "<group>"; };
		D87513152C784A1400BA7E36 /* Preview Assets.xcassets */ = {isa = PBXFileReference; lastKnownFileType = folder.assetcatalog; path = "Preview Assets.xcassets"; sourceTree = "<group>"; };
		D875131E2C784B6200BA7E36 /* EditStudentView.swift */ = {isa = PBXFileReference; lastKnownFileType = sourcecode.swift; path = EditStudentView.swift; sourceTree = "<group>"; };
		D87513202C784B8700BA7E36 /* CourseScheduleView.swift */ = {isa = PBXFileReference; lastKnownFileType = sourcecode.swift; path = CourseScheduleView.swift; sourceTree = "<group>"; };
		D87513222C784B9B00BA7E36 /* CourseDetailView.swift */ = {isa = PBXFileReference; lastKnownFileType = sourcecode.swift; path = CourseDetailView.swift; sourceTree = "<group>"; };
		D87513242C784BBA00BA7E36 /* Days.swift */ = {isa = PBXFileReference; lastKnownFileType = sourcecode.swift; path = Days.swift; sourceTree = "<group>"; };
		D87513262C784BCD00BA7E36 /* Course.swift */ = {isa = PBXFileReference; lastKnownFileType = sourcecode.swift; path = Course.swift; sourceTree = "<group>"; };
		D87513282C784BD400BA7E36 /* Courses.swift */ = {isa = PBXFileReference; lastKnownFileType = sourcecode.swift; path = Courses.swift; sourceTree = "<group>"; };
		D875132A2C784BDB00BA7E36 /* Student.swift */ = {isa = PBXFileReference; lastKnownFileType = sourcecode.swift; path = Student.swift; sourceTree = "<group>"; };
		D8EF40F92C78EBB70016B6DB /* NavigationMenu.swift */ = {isa = PBXFileReference; lastKnownFileType = sourcecode.swift; path = NavigationMenu.swift; sourceTree = "<group>"; };
		D8EF40FB2C79194B0016B6DB /* SideMenuHeaderView.swift */ = {isa = PBXFileReference; lastKnownFileType = sourcecode.swift; path = SideMenuHeaderView.swift; sourceTree = "<group>"; };
/* End PBXFileReference section */

/* Begin PBXFrameworksBuildPhase section */
		D87513082C784A1300BA7E36 /* Frameworks */ = {
			isa = PBXFrameworksBuildPhase;
			buildActionMask = 2147483647;
			files = (
			);
			runOnlyForDeploymentPostprocessing = 0;
		};
/* End PBXFrameworksBuildPhase section */

/* Begin PBXGroup section */
		D870A3182C816239008A03D9 /* Navigation Views */ = {
			isa = PBXGroup;
			children = (
				D8EF40F92C78EBB70016B6DB /* NavigationMenu.swift */,
				D8EF40FB2C79194B0016B6DB /* SideMenuHeaderView.swift */,
				D870A3122C8054FF008A03D9 /* SideMenuRowView.swift */,
			);
			path = "Navigation Views";
			sourceTree = "<group>";
		};
		D87513022C784A1300BA7E36 = {
			isa = PBXGroup;
			children = (
				D875130D2C784A1300BA7E36 /* App-01 */,
				D875130C2C784A1300BA7E36 /* Products */,
			);
			sourceTree = "<group>";
		};
		D875130C2C784A1300BA7E36 /* Products */ = {
			isa = PBXGroup;
			children = (
				D875130B2C784A1300BA7E36 /* App-01.app */,
			);
			name = Products;
			sourceTree = "<group>";
		};
		D875130D2C784A1300BA7E36 /* App-01 */ = {
			isa = PBXGroup;
			children = (
				D875131D2C784A8400BA7E36 /* Model */,
				D875131C2C784A7500BA7E36 /* Utils */,
				D875130E2C784A1300BA7E36 /* App_01App.swift */,
				D87513102C784A1300BA7E36 /* ContentView.swift */,
				D870A3162C805B30008A03D9 /* ScheduleView.swift */,
				D875131E2C784B6200BA7E36 /* EditStudentView.swift */,
				D87513202C784B8700BA7E36 /* CourseScheduleView.swift */,
				D87513222C784B9B00BA7E36 /* CourseDetailView.swift */,
				D870A3182C816239008A03D9 /* Navigation Views */,
				D87513122C784A1400BA7E36 /* Assets.xcassets */,
				D87513142C784A1400BA7E36 /* Preview Content */,
			);
			path = "App-01";
			sourceTree = "<group>";
		};
		D87513142C784A1400BA7E36 /* Preview Content */ = {
			isa = PBXGroup;
			children = (
				D87513152C784A1400BA7E36 /* Preview Assets.xcassets */,
			);
			path = "Preview Content";
			sourceTree = "<group>";
		};
		D875131C2C784A7500BA7E36 /* Utils */ = {
			isa = PBXGroup;
			children = (
				D87513242C784BBA00BA7E36 /* Days.swift */,
				D870A3142C805584008A03D9 /* SideMenuOptionModel.swift */,
			);
			path = Utils;
			sourceTree = "<group>";
		};
		D875131D2C784A8400BA7E36 /* Model */ = {
			isa = PBXGroup;
			children = (
				D87513262C784BCD00BA7E36 /* Course.swift */,
				D87513282C784BD400BA7E36 /* Courses.swift */,
				D875132A2C784BDB00BA7E36 /* Student.swift */,
			);
			path = Model;
			sourceTree = "<group>";
		};
/* End PBXGroup section */

/* Begin PBXNativeTarget section */
		D875130A2C784A1300BA7E36 /* App-01 */ = {
			isa = PBXNativeTarget;
			buildConfigurationList = D87513192C784A1400BA7E36 /* Build configuration list for PBXNativeTarget "App-01" */;
			buildPhases = (
				D87513072C784A1300BA7E36 /* Sources */,
				D87513082C784A1300BA7E36 /* Frameworks */,
				D87513092C784A1300BA7E36 /* Resources */,
			);
			buildRules = (
			);
			dependencies = (
			);
			name = "App-01";
			productName = "App-01";
			productReference = D875130B2C784A1300BA7E36 /* App-01.app */;
			productType = "com.apple.product-type.application";
		};
/* End PBXNativeTarget section */

/* Begin PBXProject section */
		D87513032C784A1300BA7E36 /* Project object */ = {
			isa = PBXProject;
			attributes = {
				BuildIndependentTargetsInParallel = 1;
				LastSwiftUpdateCheck = 1540;
				LastUpgradeCheck = 1540;
				TargetAttributes = {
					D875130A2C784A1300BA7E36 = {
						CreatedOnToolsVersion = 15.4;
					};
				};
			};
			buildConfigurationList = D87513062C784A1300BA7E36 /* Build configuration list for PBXProject "App-01" */;
			compatibilityVersion = "Xcode 14.0";
			developmentRegion = en;
			hasScannedForEncodings = 0;
			knownRegions = (
				en,
				Base,
			);
			mainGroup = D87513022C784A1300BA7E36;
			productRefGroup = D875130C2C784A1300BA7E36 /* Products */;
			projectDirPath = "";
			projectRoot = "";
			targets = (
				D875130A2C784A1300BA7E36 /* App-01 */,
			);
		};
/* End PBXProject section */

/* Begin PBXResourcesBuildPhase section */
		D87513092C784A1300BA7E36 /* Resources */ = {
			isa = PBXResourcesBuildPhase;
			buildActionMask = 2147483647;
			files = (
				D87513162C784A1400BA7E36 /* Preview Assets.xcassets in Resources */,
				D87513132C784A1400BA7E36 /* Assets.xcassets in Resources */,
			);
			runOnlyForDeploymentPostprocessing = 0;
		};
/* End PBXResourcesBuildPhase section */

/* Begin PBXSourcesBuildPhase section */
		D87513072C784A1300BA7E36 /* Sources */ = {
			isa = PBXSourcesBuildPhase;
			buildActionMask = 2147483647;
			files = (
				D87513232C784B9B00BA7E36 /* CourseDetailView.swift in Sources */,
				D87513272C784BCD00BA7E36 /* Course.swift in Sources */,
				D87513212C784B8700BA7E36 /* CourseScheduleView.swift in Sources */,
				D870A3152C805584008A03D9 /* SideMenuOptionModel.swift in Sources */,
				D875131F2C784B6200BA7E36 /* EditStudentView.swift in Sources */,
				D875132B2C784BDB00BA7E36 /* Student.swift in Sources */,
				D870A3132C8054FF008A03D9 /* SideMenuRowView.swift in Sources */,
				D8EF40FC2C79194B0016B6DB /* SideMenuHeaderView.swift in Sources */,
				D87513292C784BD400BA7E36 /* Courses.swift in Sources */,
				D870A3172C805B30008A03D9 /* ScheduleView.swift in Sources */,
				D87513112C784A1300BA7E36 /* ContentView.swift in Sources */,
				D87513252C784BBA00BA7E36 /* Days.swift in Sources */,
				D8EF40FA2C78EBB70016B6DB /* NavigationMenu.swift in Sources */,
				D875130F2C784A1300BA7E36 /* App_01App.swift in Sources */,
			);
			runOnlyForDeploymentPostprocessing = 0;
		};
/* End PBXSourcesBuildPhase section */

/* Begin XCBuildConfiguration section */
		D87513172C784A1400BA7E36 /* Debug */ = {
			isa = XCBuildConfiguration;
			buildSettings = {
				ALWAYS_SEARCH_USER_PATHS = NO;
				ASSETCATALOG_COMPILER_GENERATE_SWIFT_ASSET_SYMBOL_EXTENSIONS = YES;
				CLANG_ANALYZER_NONNULL = YES;
				CLANG_ANALYZER_NUMBER_OBJECT_CONVERSION = YES_AGGRESSIVE;
				CLANG_CXX_LANGUAGE_STANDARD = "gnu++20";
				CLANG_ENABLE_MODULES = YES;
				CLANG_ENABLE_OBJC_ARC = YES;
				CLANG_ENABLE_OBJC_WEAK = YES;
				CLANG_WARN_BLOCK_CAPTURE_AUTORELEASING = YES;
				CLANG_WARN_BOOL_CONVERSION = YES;
				CLANG_WARN_COMMA = YES;
				CLANG_WARN_CONSTANT_CONVERSION = YES;
				CLANG_WARN_DEPRECATED_OBJC_IMPLEMENTATIONS = YES;
				CLANG_WARN_DIRECT_OBJC_ISA_USAGE = YES_ERROR;
				CLANG_WARN_DOCUMENTATION_COMMENTS = YES;
				CLANG_WARN_EMPTY_BODY = YES;
				CLANG_WARN_ENUM_CONVERSION = YES;
				CLANG_WARN_INFINITE_RECURSION = YES;
				CLANG_WARN_INT_CONVERSION = YES;
				CLANG_WARN_NON_LITERAL_NULL_CONVERSION = YES;
				CLANG_WARN_OBJC_IMPLICIT_RETAIN_SELF = YES;
				CLANG_WARN_OBJC_LITERAL_CONVERSION = YES;
				CLANG_WARN_OBJC_ROOT_CLASS = YES_ERROR;
				CLANG_WARN_QUOTED_INCLUDE_IN_FRAMEWORK_HEADER = YES;
				CLANG_WARN_RANGE_LOOP_ANALYSIS = YES;
				CLANG_WARN_STRICT_PROTOTYPES = YES;
				CLANG_WARN_SUSPICIOUS_MOVE = YES;
				CLANG_WARN_UNGUARDED_AVAILABILITY = YES_AGGRESSIVE;
				CLANG_WARN_UNREACHABLE_CODE = YES;
				CLANG_WARN__DUPLICATE_METHOD_MATCH = YES;
				COPY_PHASE_STRIP = NO;
				DEBUG_INFORMATION_FORMAT = dwarf;
				ENABLE_STRICT_OBJC_MSGSEND = YES;
				ENABLE_TESTABILITY = YES;
				ENABLE_USER_SCRIPT_SANDBOXING = YES;
				GCC_C_LANGUAGE_STANDARD = gnu17;
				GCC_DYNAMIC_NO_PIC = NO;
				GCC_NO_COMMON_BLOCKS = YES;
				GCC_OPTIMIZATION_LEVEL = 0;
				GCC_PREPROCESSOR_DEFINITIONS = (
					"DEBUG=1",
					"$(inherited)",
				);
				GCC_WARN_64_TO_32_BIT_CONVERSION = YES;
				GCC_WARN_ABOUT_RETURN_TYPE = YES_ERROR;
				GCC_WARN_UNDECLARED_SELECTOR = YES;
				GCC_WARN_UNINITIALIZED_AUTOS = YES_AGGRESSIVE;
				GCC_WARN_UNUSED_FUNCTION = YES;
				GCC_WARN_UNUSED_VARIABLE = YES;
				IPHONEOS_DEPLOYMENT_TARGET = 17.5;
				LOCALIZATION_PREFERS_STRING_CATALOGS = YES;
				MTL_ENABLE_DEBUG_INFO = INCLUDE_SOURCE;
				MTL_FAST_MATH = YES;
				ONLY_ACTIVE_ARCH = YES;
				SDKROOT = iphoneos;
				SWIFT_ACTIVE_COMPILATION_CONDITIONS = "DEBUG $(inherited)";
				SWIFT_OPTIMIZATION_LEVEL = "-Onone";
			};
			name = Debug;
		};
		D87513182C784A1400BA7E36 /* Release */ = {
			isa = XCBuildConfiguration;
			buildSettings = {
				ALWAYS_SEARCH_USER_PATHS = NO;
				ASSETCATALOG_COMPILER_GENERATE_SWIFT_ASSET_SYMBOL_EXTENSIONS = YES;
				CLANG_ANALYZER_NONNULL = YES;
				CLANG_ANALYZER_NUMBER_OBJECT_CONVERSION = YES_AGGRESSIVE;
				CLANG_CXX_LANGUAGE_STANDARD = "gnu++20";
				CLANG_ENABLE_MODULES = YES;
				CLANG_ENABLE_OBJC_ARC = YES;
				CLANG_ENABLE_OBJC_WEAK = YES;
				CLANG_WARN_BLOCK_CAPTURE_AUTORELEASING = YES;
				CLANG_WARN_BOOL_CONVERSION = YES;
				CLANG_WARN_COMMA = YES;
				CLANG_WARN_CONSTANT_CONVERSION = YES;
				CLANG_WARN_DEPRECATED_OBJC_IMPLEMENTATIONS = YES;
				CLANG_WARN_DIRECT_OBJC_ISA_USAGE = YES_ERROR;
				CLANG_WARN_DOCUMENTATION_COMMENTS = YES;
				CLANG_WARN_EMPTY_BODY = YES;
				CLANG_WARN_ENUM_CONVERSION = YES;
				CLANG_WARN_INFINITE_RECURSION = YES;
				CLANG_WARN_INT_CONVERSION = YES;
				CLANG_WARN_NON_LITERAL_NULL_CONVERSION = YES;
				CLANG_WARN_OBJC_IMPLICIT_RETAIN_SELF = YES;
				CLANG_WARN_OBJC_LITERAL_CONVERSION = YES;
				CLANG_WARN_OBJC_ROOT_CLASS = YES_ERROR;
				CLANG_WARN_QUOTED_INCLUDE_IN_FRAMEWORK_HEADER = YES;
				CLANG_WARN_RANGE_LOOP_ANALYSIS = YES;
				CLANG_WARN_STRICT_PROTOTYPES = YES;
				CLANG_WARN_SUSPICIOUS_MOVE = YES;
				CLANG_WARN_UNGUARDED_AVAILABILITY = YES_AGGRESSIVE;
				CLANG_WARN_UNREACHABLE_CODE = YES;
				CLANG_WARN__DUPLICATE_METHOD_MATCH = YES;
				COPY_PHASE_STRIP = NO;
				DEBUG_INFORMATION_FORMAT = "dwarf-with-dsym";
				ENABLE_NS_ASSERTIONS = NO;
				ENABLE_STRICT_OBJC_MSGSEND = YES;
				ENABLE_USER_SCRIPT_SANDBOXING = YES;
				GCC_C_LANGUAGE_STANDARD = gnu17;
				GCC_NO_COMMON_BLOCKS = YES;
				GCC_WARN_64_TO_32_BIT_CONVERSION = YES;
				GCC_WARN_ABOUT_RETURN_TYPE = YES_ERROR;
				GCC_WARN_UNDECLARED_SELECTOR = YES;
				GCC_WARN_UNINITIALIZED_AUTOS = YES_AGGRESSIVE;
				GCC_WARN_UNUSED_FUNCTION = YES;
				GCC_WARN_UNUSED_VARIABLE = YES;
				IPHONEOS_DEPLOYMENT_TARGET = 17.5;
				LOCALIZATION_PREFERS_STRING_CATALOGS = YES;
				MTL_ENABLE_DEBUG_INFO = NO;
				MTL_FAST_MATH = YES;
				SDKROOT = iphoneos;
				SWIFT_COMPILATION_MODE = wholemodule;
				VALIDATE_PRODUCT = YES;
			};
			name = Release;
		};
		D875131A2C784A1400BA7E36 /* Debug */ = {
			isa = XCBuildConfiguration;
			buildSettings = {
				ASSETCATALOG_COMPILER_APPICON_NAME = AppIcon;
				ASSETCATALOG_COMPILER_GLOBAL_ACCENT_COLOR_NAME = AccentColor;
				CODE_SIGN_STYLE = Automatic;
				CURRENT_PROJECT_VERSION = 1;
				DEVELOPMENT_ASSET_PATHS = "\"App-01/Preview Content\"";
				DEVELOPMENT_TEAM = LPG9HRWN8W;
				ENABLE_PREVIEWS = YES;
				GENERATE_INFOPLIST_FILE = YES;
				INFOPLIST_KEY_UIApplicationSceneManifest_Generation = YES;
				INFOPLIST_KEY_UIApplicationSupportsIndirectInputEvents = YES;
				INFOPLIST_KEY_UILaunchScreen_Generation = YES;
				INFOPLIST_KEY_UISupportedInterfaceOrientations_iPad = "UIInterfaceOrientationPortrait UIInterfaceOrientationPortraitUpsideDown UIInterfaceOrientationLandscapeLeft UIInterfaceOrientationLandscapeRight";
				INFOPLIST_KEY_UISupportedInterfaceOrientations_iPhone = "UIInterfaceOrientationPortrait UIInterfaceOrientationLandscapeLeft UIInterfaceOrientationLandscapeRight";
				LD_RUNPATH_SEARCH_PATHS = (
					"$(inherited)",
					"@executable_path/Frameworks",
				);
				MARKETING_VERSION = 1.0;
				PRODUCT_BUNDLE_IDENTIFIER = A01722533;
				PRODUCT_NAME = "$(TARGET_NAME)";
				SWIFT_EMIT_LOC_STRINGS = YES;
				SWIFT_VERSION = 5.0;
				TARGETED_DEVICE_FAMILY = "1,2";
			};
			name = Debug;
		};
		D875131B2C784A1400BA7E36 /* Release */ = {
			isa = XCBuildConfiguration;
			buildSettings = {
				ASSETCATALOG_COMPILER_APPICON_NAME = AppIcon;
				ASSETCATALOG_COMPILER_GLOBAL_ACCENT_COLOR_NAME = AccentColor;
				CODE_SIGN_STYLE = Automatic;
				CURRENT_PROJECT_VERSION = 1;
				DEVELOPMENT_ASSET_PATHS = "\"App-01/Preview Content\"";
				DEVELOPMENT_TEAM = LPG9HRWN8W;
				ENABLE_PREVIEWS = YES;
				GENERATE_INFOPLIST_FILE = YES;
				INFOPLIST_KEY_UIApplicationSceneManifest_Generation = YES;
				INFOPLIST_KEY_UIApplicationSupportsIndirectInputEvents = YES;
				INFOPLIST_KEY_UILaunchScreen_Generation = YES;
				INFOPLIST_KEY_UISupportedInterfaceOrientations_iPad = "UIInterfaceOrientationPortrait UIInterfaceOrientationPortraitUpsideDown UIInterfaceOrientationLandscapeLeft UIInterfaceOrientationLandscapeRight";
				INFOPLIST_KEY_UISupportedInterfaceOrientations_iPhone = "UIInterfaceOrientationPortrait UIInterfaceOrientationLandscapeLeft UIInterfaceOrientationLandscapeRight";
				LD_RUNPATH_SEARCH_PATHS = (
					"$(inherited)",
					"@executable_path/Frameworks",
				);
				MARKETING_VERSION = 1.0;
				PRODUCT_BUNDLE_IDENTIFIER = A01722533;
				PRODUCT_NAME = "$(TARGET_NAME)";
				SWIFT_EMIT_LOC_STRINGS = YES;
				SWIFT_VERSION = 5.0;
				TARGETED_DEVICE_FAMILY = "1,2";
			};
			name = Release;
		};
/* End XCBuildConfiguration section */

/* Begin XCConfigurationList section */
		D87513062C784A1300BA7E36 /* Build configuration list for PBXProject "App-01" */ = {
			isa = XCConfigurationList;
			buildConfigurations = (
				D87513172C784A1400BA7E36 /* Debug */,
				D87513182C784A1400BA7E36 /* Release */,
			);
			defaultConfigurationIsVisible = 0;
			defaultConfigurationName = Release;
		};
		D87513192C784A1400BA7E36 /* Build configuration list for PBXNativeTarget "App-01" */ = {
			isa = XCConfigurationList;
			buildConfigurations = (
				D875131A2C784A1400BA7E36 /* Debug */,
				D875131B2C784A1400BA7E36 /* Release */,
			);
			defaultConfigurationIsVisible = 0;
			defaultConfigurationName = Release;
		};
/* End XCConfigurationList section */
	};
	rootObject = D87513032C784A1300BA7E36 /* Project object */;
}
